
Microsoft Visual Studio Solution File, Format Version 12.00
# Visual Studio Version 17
VisualStudioVersion = 17.10.35122.118
MinimumVisualStudioVersion = 10.0.40219.1
Project("{FAE04EC0-301F-11D3-BF4B-00C04F79EFBC}") = "28Nov2024Console", "28Nov2024Console\28Nov2024Console.csproj", "{DE888560-1676-41B6-B11A-C37FCD32EFAD}"
EndProject
Global
	GlobalSection(SolutionConfigurationPlatforms) = preSolution
		Debug|Any CPU = Debug|Any CPU
		Release|Any CPU = Release|Any CPU
	EndGlobalSection
	GlobalSection(ProjectConfigurationPlatforms) = postSolution
		{DE888560-1676-41B6-B11A-C37FCD32EFAD}.Debug|Any CPU.ActiveCfg = Debug|Any CPU
		{DE888560-1676-41B6-B11A-C37FCD32EFAD}.Debug|Any CPU.Build.0 = Debug|Any CPU
		{DE888560-1676-41B6-B11A-C37FCD32EFAD}.Release|Any CPU.ActiveCfg = Release|Any CPU
		{DE888560-1676-41B6-B11A-C37FCD32EFAD}.Release|Any CPU.Build.0 = Release|Any CPU
	EndGlobalSection
	GlobalSection(SolutionProperties) = preSolution
		HideSolutionNode = FALSE
	EndGlobalSection
	GlobalSection(ExtensibilityGlobals) = postSolution
		SolutionGuid = {34BD2E6E-7D91-49DE-9DD5-5E54DF08A116}
	EndGlobalSection
EndGlobal
